// !$*UTF8*$!
{
	archiveVersion = 1;
	classes = {
	};
	objectVersion = 46;
	objects = {

/* Begin PBXBuildFile section */
		A762CD99E75DF8C7610937AF /* Pods_restkit_test.framework in Frameworks */ = {isa = PBXBuildFile; fileRef = 415AFAF359670F0682390A4E /* Pods_restkit_test.framework */; };
		CE3185A81C561761005917AF /* UserSessionExtension.swift in Sources */ = {isa = PBXBuildFile; fileRef = CE3185A71C561761005917AF /* UserSessionExtension.swift */; };
		CE35D9091C502C8900C2E1AB /* AppDelegate.swift in Sources */ = {isa = PBXBuildFile; fileRef = CE35D9081C502C8900C2E1AB /* AppDelegate.swift */; };
		CE35D90E1C502C8900C2E1AB /* Main.storyboard in Resources */ = {isa = PBXBuildFile; fileRef = CE35D90C1C502C8900C2E1AB /* Main.storyboard */; };
		CE35D9111C502C8900C2E1AB /* restkit_test.xcdatamodeld in Sources */ = {isa = PBXBuildFile; fileRef = CE35D90F1C502C8900C2E1AB /* restkit_test.xcdatamodeld */; };
		CE35D9131C502C8900C2E1AB /* Assets.xcassets in Resources */ = {isa = PBXBuildFile; fileRef = CE35D9121C502C8900C2E1AB /* Assets.xcassets */; };
		CE35D9161C502C8900C2E1AB /* LaunchScreen.storyboard in Resources */ = {isa = PBXBuildFile; fileRef = CE35D9141C502C8900C2E1AB /* LaunchScreen.storyboard */; };
		CE6CFE191C549F8300BD5CCC /* ObjectManagerPromiseExtension.swift in Sources */ = {isa = PBXBuildFile; fileRef = CE6CFE181C549F8300BD5CCC /* ObjectManagerPromiseExtension.swift */; };
		CEEA032B1C54569A0070366A /* FixdError.swift in Sources */ = {isa = PBXBuildFile; fileRef = CEEA032A1C54569A0070366A /* FixdError.swift */; };
		CEEA032D1C54613F0070366A /* LoginController.swift in Sources */ = {isa = PBXBuildFile; fileRef = CEEA032C1C54613F0070366A /* LoginController.swift */; };
		CEF55DF31C528026008D9F8A /* MakeModelYear.swift in Sources */ = {isa = PBXBuildFile; fileRef = CEF55DE71C528026008D9F8A /* MakeModelYear.swift */; };
		CEF55DF51C528026008D9F8A /* Vehicle.swift in Sources */ = {isa = PBXBuildFile; fileRef = CEF55DE91C528026008D9F8A /* Vehicle.swift */; };
		CEF55DF71C528026008D9F8A /* Mileage.swift in Sources */ = {isa = PBXBuildFile; fileRef = CEF55DEB1C528026008D9F8A /* Mileage.swift */; };
		CEF55DF91C528026008D9F8A /* PullEvent.swift in Sources */ = {isa = PBXBuildFile; fileRef = CEF55DED1C528026008D9F8A /* PullEvent.swift */; };
		CEF55DFB1C528026008D9F8A /* Dtc.swift in Sources */ = {isa = PBXBuildFile; fileRef = CEF55DEF1C528026008D9F8A /* Dtc.swift */; };
		CEF55DFD1C528026008D9F8A /* User.swift in Sources */ = {isa = PBXBuildFile; fileRef = CEF55DF11C528026008D9F8A /* User.swift */; };
		CEF55DFF1C5280BA008D9F8A /* Model.swift in Sources */ = {isa = PBXBuildFile; fileRef = CEF55DFE1C5280BA008D9F8A /* Model.swift */; };
		CEF55E011C52E88F008D9F8A /* LoadingViewController.swift in Sources */ = {isa = PBXBuildFile; fileRef = CEF55E001C52E88F008D9F8A /* LoadingViewController.swift */; };
/* End PBXBuildFile section */

/* Begin PBXFileReference section */
		27EAB7858AC88FBEC4582ED6 /* Pods-restkit-test.release.xcconfig */ = {isa = PBXFileReference; includeInIndex = 1; lastKnownFileType = text.xcconfig; name = "Pods-restkit-test.release.xcconfig"; path = "Pods/Target Support Files/Pods-restkit-test/Pods-restkit-test.release.xcconfig"; sourceTree = "<group>"; };
		415AFAF359670F0682390A4E /* Pods_restkit_test.framework */ = {isa = PBXFileReference; explicitFileType = wrapper.framework; includeInIndex = 0; path = Pods_restkit_test.framework; sourceTree = BUILT_PRODUCTS_DIR; };
		CE3185A71C561761005917AF /* UserSessionExtension.swift */ = {isa = PBXFileReference; fileEncoding = 4; lastKnownFileType = sourcecode.swift; path = UserSessionExtension.swift; sourceTree = "<group>"; };
		CE35D9051C502C8900C2E1AB /* restkit-test.app */ = {isa = PBXFileReference; explicitFileType = wrapper.application; includeInIndex = 0; path = "restkit-test.app"; sourceTree = BUILT_PRODUCTS_DIR; };
		CE35D9081C502C8900C2E1AB /* AppDelegate.swift */ = {isa = PBXFileReference; lastKnownFileType = sourcecode.swift; path = AppDelegate.swift; sourceTree = "<group>"; };
		CE35D90D1C502C8900C2E1AB /* Base */ = {isa = PBXFileReference; lastKnownFileType = file.storyboard; name = Base; path = Base.lproj/Main.storyboard; sourceTree = "<group>"; };
		CE35D9101C502C8900C2E1AB /* restkit_test.xcdatamodel */ = {isa = PBXFileReference; lastKnownFileType = wrapper.xcdatamodel; path = restkit_test.xcdatamodel; sourceTree = "<group>"; };
		CE35D9121C502C8900C2E1AB /* Assets.xcassets */ = {isa = PBXFileReference; lastKnownFileType = folder.assetcatalog; path = Assets.xcassets; sourceTree = "<group>"; };
		CE35D9151C502C8900C2E1AB /* Base */ = {isa = PBXFileReference; lastKnownFileType = file.storyboard; name = Base; path = Base.lproj/LaunchScreen.storyboard; sourceTree = "<group>"; };
		CE35D9171C502C8900C2E1AB /* Info.plist */ = {isa = PBXFileReference; lastKnownFileType = text.plist.xml; path = Info.plist; sourceTree = "<group>"; };
		CE6CFE181C549F8300BD5CCC /* ObjectManagerPromiseExtension.swift */ = {isa = PBXFileReference; fileEncoding = 4; lastKnownFileType = sourcecode.swift; path = ObjectManagerPromiseExtension.swift; sourceTree = "<group>"; };
		CEEA032A1C54569A0070366A /* FixdError.swift */ = {isa = PBXFileReference; fileEncoding = 4; lastKnownFileType = sourcecode.swift; path = FixdError.swift; sourceTree = "<group>"; };
		CEEA032C1C54613F0070366A /* LoginController.swift */ = {isa = PBXFileReference; fileEncoding = 4; lastKnownFileType = sourcecode.swift; path = LoginController.swift; sourceTree = "<group>"; };
		CEF55DE71C528026008D9F8A /* MakeModelYear.swift */ = {isa = PBXFileReference; fileEncoding = 4; lastKnownFileType = sourcecode.swift; path = MakeModelYear.swift; sourceTree = "<group>"; };
		CEF55DE91C528026008D9F8A /* Vehicle.swift */ = {isa = PBXFileReference; fileEncoding = 4; lastKnownFileType = sourcecode.swift; path = Vehicle.swift; sourceTree = "<group>"; };
		CEF55DEB1C528026008D9F8A /* Mileage.swift */ = {isa = PBXFileReference; fileEncoding = 4; lastKnownFileType = sourcecode.swift; path = Mileage.swift; sourceTree = "<group>"; };
		CEF55DED1C528026008D9F8A /* PullEvent.swift */ = {isa = PBXFileReference; fileEncoding = 4; lastKnownFileType = sourcecode.swift; path = PullEvent.swift; sourceTree = "<group>"; };
		CEF55DEF1C528026008D9F8A /* Dtc.swift */ = {isa = PBXFileReference; fileEncoding = 4; lastKnownFileType = sourcecode.swift; path = Dtc.swift; sourceTree = "<group>"; };
		CEF55DF11C528026008D9F8A /* User.swift */ = {isa = PBXFileReference; fileEncoding = 4; lastKnownFileType = sourcecode.swift; path = User.swift; sourceTree = "<group>"; };
		CEF55DFE1C5280BA008D9F8A /* Model.swift */ = {isa = PBXFileReference; fileEncoding = 4; lastKnownFileType = sourcecode.swift; path = Model.swift; sourceTree = "<group>"; };
		CEF55E001C52E88F008D9F8A /* LoadingViewController.swift */ = {isa = PBXFileReference; fileEncoding = 4; lastKnownFileType = sourcecode.swift; path = LoadingViewController.swift; sourceTree = "<group>"; };
		E9FDC6B5C74FD1272F40969D /* Pods-restkit-test.debug.xcconfig */ = {isa = PBXFileReference; includeInIndex = 1; lastKnownFileType = text.xcconfig; name = "Pods-restkit-test.debug.xcconfig"; path = "Pods/Target Support Files/Pods-restkit-test/Pods-restkit-test.debug.xcconfig"; sourceTree = "<group>"; };
/* End PBXFileReference section */

/* Begin PBXFrameworksBuildPhase section */
		CE35D9021C502C8900C2E1AB /* Frameworks */ = {
			isa = PBXFrameworksBuildPhase;
			buildActionMask = 2147483647;
			files = (
				A762CD99E75DF8C7610937AF /* Pods_restkit_test.framework in Frameworks */,
			);
			runOnlyForDeploymentPostprocessing = 0;
		};
/* End PBXFrameworksBuildPhase section */

/* Begin PBXGroup section */
		019BEF231E460B24367CF592 /* Frameworks */ = {
			isa = PBXGroup;
			children = (
				415AFAF359670F0682390A4E /* Pods_restkit_test.framework */,
			);
			name = Frameworks;
			sourceTree = "<group>";
		};
		43324CC3F56B635E7C7E80A4 /* Pods */ = {
			isa = PBXGroup;
			children = (
				E9FDC6B5C74FD1272F40969D /* Pods-restkit-test.debug.xcconfig */,
				27EAB7858AC88FBEC4582ED6 /* Pods-restkit-test.release.xcconfig */,
			);
			name = Pods;
			sourceTree = "<group>";
		};
		CE31ED971C502E2E00FC863D /* Models */ = {
			isa = PBXGroup;
			children = (
				CEF55DE71C528026008D9F8A /* MakeModelYear.swift */,
				CEF55DE91C528026008D9F8A /* Vehicle.swift */,
				CEF55DEB1C528026008D9F8A /* Mileage.swift */,
				CEF55DED1C528026008D9F8A /* PullEvent.swift */,
				CEF55DEF1C528026008D9F8A /* Dtc.swift */,
				CEF55DF11C528026008D9F8A /* User.swift */,
				CEF55DFE1C5280BA008D9F8A /* Model.swift */,
				CE3185A71C561761005917AF /* UserSessionExtension.swift */,
			);
			name = Models;
			sourceTree = "<group>";
		};
		CE35D8FC1C502C8900C2E1AB = {
			isa = PBXGroup;
			children = (
				CE35D9071C502C8900C2E1AB /* restkit-test */,
				CE35D9061C502C8900C2E1AB /* Products */,
				43324CC3F56B635E7C7E80A4 /* Pods */,
				019BEF231E460B24367CF592 /* Frameworks */,
			);
			sourceTree = "<group>";
		};
		CE35D9061C502C8900C2E1AB /* Products */ = {
			isa = PBXGroup;
			children = (
				CE35D9051C502C8900C2E1AB /* restkit-test.app */,
			);
			name = Products;
			sourceTree = "<group>";
		};
		CE35D9071C502C8900C2E1AB /* restkit-test */ = {
			isa = PBXGroup;
			children = (
				CE31ED971C502E2E00FC863D /* Models */,
				CE35D9081C502C8900C2E1AB /* AppDelegate.swift */,
				CE35D90C1C502C8900C2E1AB /* Main.storyboard */,
				CE35D9121C502C8900C2E1AB /* Assets.xcassets */,
				CE35D9141C502C8900C2E1AB /* LaunchScreen.storyboard */,
				CE35D9171C502C8900C2E1AB /* Info.plist */,
				CE35D90F1C502C8900C2E1AB /* restkit_test.xcdatamodeld */,
				CEF55E001C52E88F008D9F8A /* LoadingViewController.swift */,
				CEEA032A1C54569A0070366A /* FixdError.swift */,
				CEEA032C1C54613F0070366A /* LoginController.swift */,
				CE6CFE181C549F8300BD5CCC /* ObjectManagerPromiseExtension.swift */,
			);
			path = "restkit-test";
			sourceTree = "<group>";
		};
/* End PBXGroup section */

/* Begin PBXNativeTarget section */
		CE35D9041C502C8900C2E1AB /* restkit-test */ = {
			isa = PBXNativeTarget;
			buildConfigurationList = CE35D91A1C502C8900C2E1AB /* Build configuration list for PBXNativeTarget "restkit-test" */;
			buildPhases = (
				C02E8700A421D885C89FF3AE /* Check Pods Manifest.lock */,
				CE35D9011C502C8900C2E1AB /* Sources */,
				CE35D9021C502C8900C2E1AB /* Frameworks */,
				CE35D9031C502C8900C2E1AB /* Resources */,
				EF11BD393BC2381645AB80C9 /* Embed Pods Frameworks */,
				4A0CFF7D588FFEDA5DAA1A9D /* Copy Pods Resources */,
			);
			buildRules = (
			);
			dependencies = (
			);
			name = "restkit-test";
			productName = "restkit-test";
			productReference = CE35D9051C502C8900C2E1AB /* restkit-test.app */;
			productType = "com.apple.product-type.application";
		};
/* End PBXNativeTarget section */

/* Begin PBXProject section */
		CE35D8FD1C502C8900C2E1AB /* Project object */ = {
			isa = PBXProject;
			attributes = {
				LastSwiftUpdateCheck = 0720;
				LastUpgradeCheck = 0720;
				ORGANIZATIONNAME = fixd;
				TargetAttributes = {
					CE35D9041C502C8900C2E1AB = {
						CreatedOnToolsVersion = 7.2;
					};
				};
			};
			buildConfigurationList = CE35D9001C502C8900C2E1AB /* Build configuration list for PBXProject "restkit-test" */;
			compatibilityVersion = "Xcode 3.2";
			developmentRegion = English;
			hasScannedForEncodings = 0;
			knownRegions = (
				en,
				Base,
			);
			mainGroup = CE35D8FC1C502C8900C2E1AB;
			productRefGroup = CE35D9061C502C8900C2E1AB /* Products */;
			projectDirPath = "";
			projectRoot = "";
			targets = (
				CE35D9041C502C8900C2E1AB /* restkit-test */,
			);
		};
/* End PBXProject section */

/* Begin PBXResourcesBuildPhase section */
		CE35D9031C502C8900C2E1AB /* Resources */ = {
			isa = PBXResourcesBuildPhase;
			buildActionMask = 2147483647;
			files = (
				CE35D9161C502C8900C2E1AB /* LaunchScreen.storyboard in Resources */,
				CE35D9131C502C8900C2E1AB /* Assets.xcassets in Resources */,
				CE35D90E1C502C8900C2E1AB /* Main.storyboard in Resources */,
			);
			runOnlyForDeploymentPostprocessing = 0;
		};
/* End PBXResourcesBuildPhase section */

/* Begin PBXShellScriptBuildPhase section */
		4A0CFF7D588FFEDA5DAA1A9D /* Copy Pods Resources */ = {
			isa = PBXShellScriptBuildPhase;
			buildActionMask = 2147483647;
			files = (
			);
			inputPaths = (
			);
			name = "Copy Pods Resources";
			outputPaths = (
			);
			runOnlyForDeploymentPostprocessing = 0;
			shellPath = /bin/sh;
			shellScript = "\"${SRCROOT}/Pods/Target Support Files/Pods-restkit-test/Pods-restkit-test-resources.sh\"\n";
			showEnvVarsInLog = 0;
		};
		C02E8700A421D885C89FF3AE /* Check Pods Manifest.lock */ = {
			isa = PBXShellScriptBuildPhase;
			buildActionMask = 2147483647;
			files = (
			);
			inputPaths = (
			);
			name = "Check Pods Manifest.lock";
			outputPaths = (
			);
			runOnlyForDeploymentPostprocessing = 0;
			shellPath = /bin/sh;
			shellScript = "diff \"${PODS_ROOT}/../Podfile.lock\" \"${PODS_ROOT}/Manifest.lock\" > /dev/null\nif [[ $? != 0 ]] ; then\n    cat << EOM\nerror: The sandbox is not in sync with the Podfile.lock. Run 'pod install' or update your CocoaPods installation.\nEOM\n    exit 1\nfi\n";
			showEnvVarsInLog = 0;
		};
		EF11BD393BC2381645AB80C9 /* Embed Pods Frameworks */ = {
			isa = PBXShellScriptBuildPhase;
			buildActionMask = 2147483647;
			files = (
			);
			inputPaths = (
			);
			name = "Embed Pods Frameworks";
			outputPaths = (
			);
			runOnlyForDeploymentPostprocessing = 0;
			shellPath = /bin/sh;
			shellScript = "\"${SRCROOT}/Pods/Target Support Files/Pods-restkit-test/Pods-restkit-test-frameworks.sh\"\n";
			showEnvVarsInLog = 0;
		};
/* End PBXShellScriptBuildPhase section */

/* Begin PBXSourcesBuildPhase section */
		CE35D9011C502C8900C2E1AB /* Sources */ = {
			isa = PBXSourcesBuildPhase;
			buildActionMask = 2147483647;
			files = (
				CEF55DF51C528026008D9F8A /* Vehicle.swift in Sources */,
				CEF55DFB1C528026008D9F8A /* Dtc.swift in Sources */,
				CEF55DFD1C528026008D9F8A /* User.swift in Sources */,
				CE35D9111C502C8900C2E1AB /* restkit_test.xcdatamodeld in Sources */,
				CEF55DF31C528026008D9F8A /* MakeModelYear.swift in Sources */,
				CEF55DF71C528026008D9F8A /* Mileage.swift in Sources */,
				CEF55DFF1C5280BA008D9F8A /* Model.swift in Sources */,
				CE35D9091C502C8900C2E1AB /* AppDelegate.swift in Sources */,
				CEEA032B1C54569A0070366A /* FixdError.swift in Sources */,
				CEF55DF91C528026008D9F8A /* PullEvent.swift in Sources */,
				CEF55E011C52E88F008D9F8A /* LoadingViewController.swift in Sources */,
				CE6CFE191C549F8300BD5CCC /* ObjectManagerPromiseExtension.swift in Sources */,
				CEEA032D1C54613F0070366A /* LoginController.swift in Sources */,
				CE3185A81C561761005917AF /* UserSessionExtension.swift in Sources */,
			);
			runOnlyForDeploymentPostprocessing = 0;
		};
/* End PBXSourcesBuildPhase section */

/* Begin PBXVariantGroup section */
		CE35D90C1C502C8900C2E1AB /* Main.storyboard */ = {
			isa = PBXVariantGroup;
			children = (
				CE35D90D1C502C8900C2E1AB /* Base */,
			);
			name = Main.storyboard;
			sourceTree = "<group>";
		};
		CE35D9141C502C8900C2E1AB /* LaunchScreen.storyboard */ = {
			isa = PBXVariantGroup;
			children = (
				CE35D9151C502C8900C2E1AB /* Base */,
			);
			name = LaunchScreen.storyboard;
			sourceTree = "<group>";
		};
/* End PBXVariantGroup section */

/* Begin XCBuildConfiguration section */
		CE35D9181C502C8900C2E1AB /* Debug */ = {
			isa = XCBuildConfiguration;
			buildSettings = {
				ALWAYS_SEARCH_USER_PATHS = NO;
				CLANG_CXX_LANGUAGE_STANDARD = "gnu++0x";
				CLANG_CXX_LIBRARY = "libc++";
				CLANG_ENABLE_MODULES = YES;
				CLANG_ENABLE_OBJC_ARC = YES;
				CLANG_WARN_BOOL_CONVERSION = YES;
				CLANG_WARN_CONSTANT_CONVERSION = YES;
				CLANG_WARN_DIRECT_OBJC_ISA_USAGE = YES_ERROR;
				CLANG_WARN_EMPTY_BODY = YES;
				CLANG_WARN_ENUM_CONVERSION = YES;
				CLANG_WARN_INT_CONVERSION = YES;
				CLANG_WARN_OBJC_ROOT_CLASS = YES_ERROR;
				CLANG_WARN_UNREACHABLE_CODE = YES;
				CLANG_WARN__DUPLICATE_METHOD_MATCH = YES;
				"CODE_SIGN_IDENTITY[sdk=iphoneos*]" = "iPhone Developer";
				COPY_PHASE_STRIP = NO;
				DEBUG_INFORMATION_FORMAT = dwarf;
				ENABLE_STRICT_OBJC_MSGSEND = YES;
				ENABLE_TESTABILITY = YES;
				GCC_C_LANGUAGE_STANDARD = gnu99;
				GCC_DYNAMIC_NO_PIC = NO;
				GCC_NO_COMMON_BLOCKS = YES;
				GCC_OPTIMIZATION_LEVEL = 0;
				GCC_PREPROCESSOR_DEFINITIONS = (
					"DEBUG=1",
					"$(inherited)",
				);
				GCC_WARN_64_TO_32_BIT_CONVERSION = YES;
				GCC_WARN_ABOUT_RETURN_TYPE = YES_ERROR;
				GCC_WARN_UNDECLARED_SELECTOR = YES;
				GCC_WARN_UNINITIALIZED_AUTOS = YES_AGGRESSIVE;
				GCC_WARN_UNUSED_FUNCTION = YES;
				GCC_WARN_UNUSED_VARIABLE = YES;
				IPHONEOS_DEPLOYMENT_TARGET = 9.2;
				MTL_ENABLE_DEBUG_INFO = YES;
				ONLY_ACTIVE_ARCH = YES;
				SDKROOT = iphoneos;
				SWIFT_OPTIMIZATION_LEVEL = "-Onone";
			};
			name = Debug;
		};
		CE35D9191C502C8900C2E1AB /* Release */ = {
			isa = XCBuildConfiguration;
			buildSettings = {
				ALWAYS_SEARCH_USER_PATHS = NO;
				CLANG_CXX_LANGUAGE_STANDARD = "gnu++0x";
				CLANG_CXX_LIBRARY = "libc++";
				CLANG_ENABLE_MODULES = YES;
				CLANG_ENABLE_OBJC_ARC = YES;
				CLANG_WARN_BOOL_CONVERSION = YES;
				CLANG_WARN_CONSTANT_CONVERSION = YES;
				CLANG_WARN_DIRECT_OBJC_ISA_USAGE = YES_ERROR;
				CLANG_WARN_EMPTY_BODY = YES;
				CLANG_WARN_ENUM_CONVERSION = YES;
				CLANG_WARN_INT_CONVERSION = YES;
				CLANG_WARN_OBJC_ROOT_CLASS = YES_ERROR;
				CLANG_WARN_UNREACHABLE_CODE = YES;
				CLANG_WARN__DUPLICATE_METHOD_MATCH = YES;
				"CODE_SIGN_IDENTITY[sdk=iphoneos*]" = "iPhone Developer";
				COPY_PHASE_STRIP = NO;
				DEBUG_INFORMATION_FORMAT = "dwarf-with-dsym";
				ENABLE_NS_ASSERTIONS = NO;
				ENABLE_STRICT_OBJC_MSGSEND = YES;
				GCC_C_LANGUAGE_STANDARD = gnu99;
				GCC_NO_COMMON_BLOCKS = YES;
				GCC_WARN_64_TO_32_BIT_CONVERSION = YES;
				GCC_WARN_ABOUT_RETURN_TYPE = YES_ERROR;
				GCC_WARN_UNDECLARED_SELECTOR = YES;
				GCC_WARN_UNINITIALIZED_AUTOS = YES_AGGRESSIVE;
				GCC_WARN_UNUSED_FUNCTION = YES;
				GCC_WARN_UNUSED_VARIABLE = YES;
				IPHONEOS_DEPLOYMENT_TARGET = 9.2;
				MTL_ENABLE_DEBUG_INFO = NO;
				SDKROOT = iphoneos;
				VALIDATE_PRODUCT = YES;
			};
			name = Release;
		};
		CE35D91B1C502C8900C2E1AB /* Debug */ = {
			isa = XCBuildConfiguration;
			baseConfigurationReference = E9FDC6B5C74FD1272F40969D /* Pods-restkit-test.debug.xcconfig */;
			buildSettings = {
				ASSETCATALOG_COMPILER_APPICON_NAME = AppIcon;
				INFOPLIST_FILE = "restkit-test/Info.plist";
				IPHONEOS_DEPLOYMENT_TARGET = 8.0;
				LD_RUNPATH_SEARCH_PATHS = "$(inherited) @executable_path/Frameworks";
				PRODUCT_BUNDLE_IDENTIFIER = "com.fixdapp.dev.restkit-test";
				PRODUCT_NAME = "$(TARGET_NAME)";
			};
			name = Debug;
		};
		CE35D91C1C502C8900C2E1AB /* Release */ = {
			isa = XCBuildConfiguration;
			baseConfigurationReference = 27EAB7858AC88FBEC4582ED6 /* Pods-restkit-test.release.xcconfig */;
			buildSettings = {
				ASSETCATALOG_COMPILER_APPICON_NAME = AppIcon;
				INFOPLIST_FILE = "restkit-test/Info.plist";
				IPHONEOS_DEPLOYMENT_TARGET = 8.0;
				LD_RUNPATH_SEARCH_PATHS = "$(inherited) @executable_path/Frameworks";
				PRODUCT_BUNDLE_IDENTIFIER = "com.fixdapp.dev.restkit-test";
				PRODUCT_NAME = "$(TARGET_NAME)";
			};
			name = Release;
		};
/* End XCBuildConfiguration section */

/* Begin XCConfigurationList section */
		CE35D9001C502C8900C2E1AB /* Build configuration list for PBXProject "restkit-test" */ = {
			isa = XCConfigurationList;
			buildConfigurations = (
				CE35D9181C502C8900C2E1AB /* Debug */,
				CE35D9191C502C8900C2E1AB /* Release */,
			);
			defaultConfigurationIsVisible = 0;
			defaultConfigurationName = Release;
		};
		CE35D91A1C502C8900C2E1AB /* Build configuration list for PBXNativeTarget "restkit-test" */ = {
			isa = XCConfigurationList;
			buildConfigurations = (
				CE35D91B1C502C8900C2E1AB /* Debug */,
				CE35D91C1C502C8900C2E1AB /* Release */,
			);
			defaultConfigurationIsVisible = 0;
			defaultConfigurationName = Release;
		};
/* End XCConfigurationList section */

/* Begin XCVersionGroup section */
		CE35D90F1C502C8900C2E1AB /* restkit_test.xcdatamodeld */ = {
			isa = XCVersionGroup;
			children = (
				CE35D9101C502C8900C2E1AB /* restkit_test.xcdatamodel */,
			);
			currentVersion = CE35D9101C502C8900C2E1AB /* restkit_test.xcdatamodel */;
			path = restkit_test.xcdatamodeld;
			sourceTree = "<group>";
			versionGroupType = wrapper.xcdatamodel;
		};
/* End XCVersionGroup section */
	};
	rootObject = CE35D8FD1C502C8900C2E1AB /* Project object */;
}
